// !$*UTF8*$!
{
	archiveVersion = 1;
	classes = {
	};
	objectVersion = 50;
	objects = {

/* Begin PBXBuildFile section */
		5BAD4C99263AD87000315093 /* AppDelegate.swift in Sources */ = {isa = PBXBuildFile; fileRef = 5BAD4C98263AD87000315093 /* AppDelegate.swift */; };
		5BAD4C9B263AD87000315093 /* SceneDelegate.swift in Sources */ = {isa = PBXBuildFile; fileRef = 5BAD4C9A263AD87000315093 /* SceneDelegate.swift */; };
		5BAD4C9D263AD87000315093 /* ViewController.swift in Sources */ = {isa = PBXBuildFile; fileRef = 5BAD4C9C263AD87000315093 /* ViewController.swift */; };
		5BAD4CA0263AD87000315093 /* Main.storyboard in Resources */ = {isa = PBXBuildFile; fileRef = 5BAD4C9E263AD87000315093 /* Main.storyboard */; };
		5BAD4CA2263AD87300315093 /* Assets.xcassets in Resources */ = {isa = PBXBuildFile; fileRef = 5BAD4CA1263AD87300315093 /* Assets.xcassets */; };
		5BAD4CA5263AD87300315093 /* LaunchScreen.storyboard in Resources */ = {isa = PBXBuildFile; fileRef = 5BAD4CA3263AD87300315093 /* LaunchScreen.storyboard */; };
		5BAD4CB3263AE34D00315093 /* DetailOrderViewController.swift in Sources */ = {isa = PBXBuildFile; fileRef = 5BAD4CB2263AE34D00315093 /* DetailOrderViewController.swift */; };
		5BAD4CB7263AE36A00315093 /* DetailOrderViewController.storyboard in Resources */ = {isa = PBXBuildFile; fileRef = 5BAD4CB6263AE36A00315093 /* DetailOrderViewController.storyboard */; };
		5BAD4CBB263AE6E200315093 /* BaseViewController.swift in Sources */ = {isa = PBXBuildFile; fileRef = 5BAD4CBA263AE6E200315093 /* BaseViewController.swift */; };
		5BAD4CC1263AF0CE00315093 /* NetworkServices.swift in Sources */ = {isa = PBXBuildFile; fileRef = 5BAD4CC0263AF0CE00315093 /* NetworkServices.swift */; };
		5BAD4CC5263AF13000315093 /* MainViewModel.swift in Sources */ = {isa = PBXBuildFile; fileRef = 5BAD4CC4263AF13000315093 /* MainViewModel.swift */; };
		5BAD4CC8263AF15F00315093 /* ProductsDataSourceImpl.swift in Sources */ = {isa = PBXBuildFile; fileRef = 5BAD4CC7263AF15F00315093 /* ProductsDataSourceImpl.swift */; };
		5BAD4CCC263AF1B500315093 /* ProductsDataSource.swift in Sources */ = {isa = PBXBuildFile; fileRef = 5BAD4CCB263AF1B500315093 /* ProductsDataSource.swift */; };
		5BAD4CD2263AF27000315093 /* ProductsModel.swift in Sources */ = {isa = PBXBuildFile; fileRef = 5BAD4CD1263AF27000315093 /* ProductsModel.swift */; };
		5BAD4CD6263AFDB200315093 /* ItemCollectionViewCell.swift in Sources */ = {isa = PBXBuildFile; fileRef = 5BAD4CD4263AFDB200315093 /* ItemCollectionViewCell.swift */; };
		5BAD4CD7263AFDB200315093 /* ItemCollectionViewCell.xib in Resources */ = {isa = PBXBuildFile; fileRef = 5BAD4CD5263AFDB200315093 /* ItemCollectionViewCell.xib */; };
		5BAD4CDB263B20FD00315093 /* UIColor+extensions.swift in Sources */ = {isa = PBXBuildFile; fileRef = 5BAD4CDA263B20FD00315093 /* UIColor+extensions.swift */; };
/* End PBXBuildFile section */

/* Begin PBXFileReference section */
		5BAD4C95263AD87000315093 /* GorillaExample.app */ = {isa = PBXFileReference; explicitFileType = wrapper.application; includeInIndex = 0; path = GorillaExample.app; sourceTree = BUILT_PRODUCTS_DIR; };
		5BAD4C98263AD87000315093 /* AppDelegate.swift */ = {isa = PBXFileReference; lastKnownFileType = sourcecode.swift; path = AppDelegate.swift; sourceTree = "<group>"; };
		5BAD4C9A263AD87000315093 /* SceneDelegate.swift */ = {isa = PBXFileReference; lastKnownFileType = sourcecode.swift; path = SceneDelegate.swift; sourceTree = "<group>"; };
		5BAD4C9C263AD87000315093 /* ViewController.swift */ = {isa = PBXFileReference; lastKnownFileType = sourcecode.swift; path = ViewController.swift; sourceTree = "<group>"; };
		5BAD4C9F263AD87000315093 /* Base */ = {isa = PBXFileReference; lastKnownFileType = file.storyboard; name = Base; path = Base.lproj/Main.storyboard; sourceTree = "<group>"; };
		5BAD4CA1263AD87300315093 /* Assets.xcassets */ = {isa = PBXFileReference; lastKnownFileType = folder.assetcatalog; path = Assets.xcassets; sourceTree = "<group>"; };
		5BAD4CA4263AD87300315093 /* Base */ = {isa = PBXFileReference; lastKnownFileType = file.storyboard; name = Base; path = Base.lproj/LaunchScreen.storyboard; sourceTree = "<group>"; };
		5BAD4CA6263AD87300315093 /* Info.plist */ = {isa = PBXFileReference; lastKnownFileType = text.plist.xml; path = Info.plist; sourceTree = "<group>"; };
		5BAD4CB2263AE34D00315093 /* DetailOrderViewController.swift */ = {isa = PBXFileReference; lastKnownFileType = sourcecode.swift; path = DetailOrderViewController.swift; sourceTree = "<group>"; };
		5BAD4CB6263AE36A00315093 /* DetailOrderViewController.storyboard */ = {isa = PBXFileReference; lastKnownFileType = file.storyboard; path = DetailOrderViewController.storyboard; sourceTree = "<group>"; };
		5BAD4CBA263AE6E200315093 /* BaseViewController.swift */ = {isa = PBXFileReference; lastKnownFileType = sourcecode.swift; path = BaseViewController.swift; sourceTree = "<group>"; };
		5BAD4CC0263AF0CE00315093 /* NetworkServices.swift */ = {isa = PBXFileReference; lastKnownFileType = sourcecode.swift; path = NetworkServices.swift; sourceTree = "<group>"; };
		5BAD4CC4263AF13000315093 /* MainViewModel.swift */ = {isa = PBXFileReference; lastKnownFileType = sourcecode.swift; path = MainViewModel.swift; sourceTree = "<group>"; };
		5BAD4CC7263AF15F00315093 /* ProductsDataSourceImpl.swift */ = {isa = PBXFileReference; lastKnownFileType = sourcecode.swift; path = ProductsDataSourceImpl.swift; sourceTree = "<group>"; };
		5BAD4CCB263AF1B500315093 /* ProductsDataSource.swift */ = {isa = PBXFileReference; lastKnownFileType = sourcecode.swift; path = ProductsDataSource.swift; sourceTree = "<group>"; };
		5BAD4CD1263AF27000315093 /* ProductsModel.swift */ = {isa = PBXFileReference; lastKnownFileType = sourcecode.swift; path = ProductsModel.swift; sourceTree = "<group>"; };
		5BAD4CD4263AFDB200315093 /* ItemCollectionViewCell.swift */ = {isa = PBXFileReference; lastKnownFileType = sourcecode.swift; path = ItemCollectionViewCell.swift; sourceTree = "<group>"; };
		5BAD4CD5263AFDB200315093 /* ItemCollectionViewCell.xib */ = {isa = PBXFileReference; lastKnownFileType = file.xib; path = ItemCollectionViewCell.xib; sourceTree = "<group>"; };
		5BAD4CDA263B20FD00315093 /* UIColor+extensions.swift */ = {isa = PBXFileReference; lastKnownFileType = sourcecode.swift; path = "UIColor+extensions.swift"; sourceTree = "<group>"; };
/* End PBXFileReference section */

/* Begin PBXFrameworksBuildPhase section */
		5BAD4C92263AD87000315093 /* Frameworks */ = {
			isa = PBXFrameworksBuildPhase;
			buildActionMask = 2147483647;
			files = (
			);
			runOnlyForDeploymentPostprocessing = 0;
		};
/* End PBXFrameworksBuildPhase section */

/* Begin PBXGroup section */
		5BAD4C8C263AD87000315093 = {
			isa = PBXGroup;
			children = (
				5BAD4C97263AD87000315093 /* GorillaExample */,
				5BAD4C96263AD87000315093 /* Products */,
			);
			sourceTree = "<group>";
		};
		5BAD4C96263AD87000315093 /* Products */ = {
			isa = PBXGroup;
			children = (
				5BAD4C95263AD87000315093 /* GorillaExample.app */,
			);
			name = Products;
			sourceTree = "<group>";
		};
		5BAD4C97263AD87000315093 /* GorillaExample */ = {
			isa = PBXGroup;
			children = (
				5BAD4CD0263AF25C00315093 /* Model */,
				5BAD4CBF263AF0B500315093 /* Helpers */,
				5BAD4CAF263ADA9200315093 /* DataSource */,
				5BAD4CAD263ADA5500315093 /* Presentation */,
				5BAD4C98263AD87000315093 /* AppDelegate.swift */,
				5BAD4C9A263AD87000315093 /* SceneDelegate.swift */,
				5BAD4CA1263AD87300315093 /* Assets.xcassets */,
				5BAD4CA3263AD87300315093 /* LaunchScreen.storyboard */,
				5BAD4CA6263AD87300315093 /* Info.plist */,
			);
			path = GorillaExample;
			sourceTree = "<group>";
		};
		5BAD4CAD263ADA5500315093 /* Presentation */ = {
			isa = PBXGroup;
			children = (
				5BAD4CD9263B20E900315093 /* Extensions */,
				5BAD4CAE263ADA6A00315093 /* Screens */,
			);
			path = Presentation;
			sourceTree = "<group>";
		};
		5BAD4CAE263ADA6A00315093 /* Screens */ = {
			isa = PBXGroup;
			children = (
				5BAD4CB9263AE6C200315093 /* Base */,
				5BAD4CB1263AE32F00315093 /* DetailOrder */,
				5BAD4CB0263AE31F00315093 /* Main */,
			);
			path = Screens;
			sourceTree = "<group>";
		};
		5BAD4CAF263ADA9200315093 /* DataSource */ = {
			isa = PBXGroup;
			children = (
				5BAD4CC7263AF15F00315093 /* ProductsDataSourceImpl.swift */,
				5BAD4CCB263AF1B500315093 /* ProductsDataSource.swift */,
			);
			path = DataSource;
			sourceTree = "<group>";
		};
		5BAD4CB0263AE31F00315093 /* Main */ = {
			isa = PBXGroup;
			children = (
				5BAD4C9E263AD87000315093 /* Main.storyboard */,
				5BAD4C9C263AD87000315093 /* ViewController.swift */,
				5BAD4CC4263AF13000315093 /* MainViewModel.swift */,
				5BAD4CD4263AFDB200315093 /* ItemCollectionViewCell.swift */,
				5BAD4CD5263AFDB200315093 /* ItemCollectionViewCell.xib */,
			);
			path = Main;
			sourceTree = "<group>";
		};
		5BAD4CB1263AE32F00315093 /* DetailOrder */ = {
			isa = PBXGroup;
			children = (
				5BAD4CB2263AE34D00315093 /* DetailOrderViewController.swift */,
				5BAD4CB6263AE36A00315093 /* DetailOrderViewController.storyboard */,
			);
			path = DetailOrder;
			sourceTree = "<group>";
		};
		5BAD4CB9263AE6C200315093 /* Base */ = {
			isa = PBXGroup;
			children = (
				5BAD4CBA263AE6E200315093 /* BaseViewController.swift */,
			);
			path = Base;
			sourceTree = "<group>";
		};
		5BAD4CBF263AF0B500315093 /* Helpers */ = {
			isa = PBXGroup;
			children = (
				5BAD4CC0263AF0CE00315093 /* NetworkServices.swift */,
			);
			path = Helpers;
			sourceTree = "<group>";
		};
		5BAD4CD0263AF25C00315093 /* Model */ = {
			isa = PBXGroup;
			children = (
				5BAD4CD1263AF27000315093 /* ProductsModel.swift */,
			);
			path = Model;
			sourceTree = "<group>";
		};
		5BAD4CD9263B20E900315093 /* Extensions */ = {
			isa = PBXGroup;
			children = (
				5BAD4CDA263B20FD00315093 /* UIColor+extensions.swift */,
			);
			path = Extensions;
			sourceTree = "<group>";
		};
/* End PBXGroup section */

/* Begin PBXNativeTarget section */
		5BAD4C94263AD87000315093 /* GorillaExample */ = {
			isa = PBXNativeTarget;
			buildConfigurationList = 5BAD4CA9263AD87300315093 /* Build configuration list for PBXNativeTarget "GorillaExample" */;
			buildPhases = (
				5BAD4C91263AD87000315093 /* Sources */,
				5BAD4C92263AD87000315093 /* Frameworks */,
				5BAD4C93263AD87000315093 /* Resources */,
			);
			buildRules = (
			);
			dependencies = (
			);
			name = GorillaExample;
			productName = GorillaExample;
			productReference = 5BAD4C95263AD87000315093 /* GorillaExample.app */;
			productType = "com.apple.product-type.application";
		};
/* End PBXNativeTarget section */

/* Begin PBXProject section */
		5BAD4C8D263AD87000315093 /* Project object */ = {
			isa = PBXProject;
			attributes = {
				LastSwiftUpdateCheck = 1240;
				LastUpgradeCheck = 1240;
				TargetAttributes = {
					5BAD4C94263AD87000315093 = {
						CreatedOnToolsVersion = 12.4;
					};
				};
			};
			buildConfigurationList = 5BAD4C90263AD87000315093 /* Build configuration list for PBXProject "GorillaExample" */;
			compatibilityVersion = "Xcode 9.3";
			developmentRegion = en;
			hasScannedForEncodings = 0;
			knownRegions = (
				en,
				Base,
			);
			mainGroup = 5BAD4C8C263AD87000315093;
			productRefGroup = 5BAD4C96263AD87000315093 /* Products */;
			projectDirPath = "";
			projectRoot = "";
			targets = (
				5BAD4C94263AD87000315093 /* GorillaExample */,
			);
		};
/* End PBXProject section */

/* Begin PBXResourcesBuildPhase section */
		5BAD4C93263AD87000315093 /* Resources */ = {
			isa = PBXResourcesBuildPhase;
			buildActionMask = 2147483647;
			files = (
				5BAD4CA5263AD87300315093 /* LaunchScreen.storyboard in Resources */,
				5BAD4CB7263AE36A00315093 /* DetailOrderViewController.storyboard in Resources */,
				5BAD4CD7263AFDB200315093 /* ItemCollectionViewCell.xib in Resources */,
				5BAD4CA2263AD87300315093 /* Assets.xcassets in Resources */,
				5BAD4CA0263AD87000315093 /* Main.storyboard in Resources */,
			);
			runOnlyForDeploymentPostprocessing = 0;
		};
/* End PBXResourcesBuildPhase section */

/* Begin PBXSourcesBuildPhase section */
		5BAD4C91263AD87000315093 /* Sources */ = {
			isa = PBXSourcesBuildPhase;
			buildActionMask = 2147483647;
			files = (
				5BAD4CC5263AF13000315093 /* MainViewModel.swift in Sources */,
				5BAD4CD6263AFDB200315093 /* ItemCollectionViewCell.swift in Sources */,
				5BAD4CD2263AF27000315093 /* ProductsModel.swift in Sources */,
				5BAD4CC8263AF15F00315093 /* ProductsDataSourceImpl.swift in Sources */,
				5BAD4CC1263AF0CE00315093 /* NetworkServices.swift in Sources */,
				5BAD4CBB263AE6E200315093 /* BaseViewController.swift in Sources */,
				5BAD4CCC263AF1B500315093 /* ProductsDataSource.swift in Sources */,
				5BAD4CB3263AE34D00315093 /* DetailOrderViewController.swift in Sources */,
				5BAD4C9D263AD87000315093 /* ViewController.swift in Sources */,
				5BAD4C99263AD87000315093 /* AppDelegate.swift in Sources */,
				5BAD4C9B263AD87000315093 /* SceneDelegate.swift in Sources */,
				5BAD4CDB263B20FD00315093 /* UIColor+extensions.swift in Sources */,
			);
			runOnlyForDeploymentPostprocessing = 0;
		};
/* End PBXSourcesBuildPhase section */

/* Begin PBXVariantGroup section */
		5BAD4C9E263AD87000315093 /* Main.storyboard */ = {
			isa = PBXVariantGroup;
			children = (
				5BAD4C9F263AD87000315093 /* Base */,
			);
			name = Main.storyboard;
			sourceTree = "<group>";
		};
		5BAD4CA3263AD87300315093 /* LaunchScreen.storyboard */ = {
			isa = PBXVariantGroup;
			children = (
				5BAD4CA4263AD87300315093 /* Base */,
			);
			name = LaunchScreen.storyboard;
			sourceTree = "<group>";
		};
/* End PBXVariantGroup section */

/* Begin XCBuildConfiguration section */
		5BAD4CA7263AD87300315093 /* Debug */ = {
			isa = XCBuildConfiguration;
			buildSettings = {
				ALWAYS_SEARCH_USER_PATHS = NO;
				CLANG_ANALYZER_NONNULL = YES;
				CLANG_ANALYZER_NUMBER_OBJECT_CONVERSION = YES_AGGRESSIVE;
				CLANG_CXX_LANGUAGE_STANDARD = "gnu++14";
				CLANG_CXX_LIBRARY = "libc++";
				CLANG_ENABLE_MODULES = YES;
				CLANG_ENABLE_OBJC_ARC = YES;
				CLANG_ENABLE_OBJC_WEAK = YES;
				CLANG_WARN_BLOCK_CAPTURE_AUTORELEASING = YES;
				CLANG_WARN_BOOL_CONVERSION = YES;
				CLANG_WARN_COMMA = YES;
				CLANG_WARN_CONSTANT_CONVERSION = YES;
				CLANG_WARN_DEPRECATED_OBJC_IMPLEMENTATIONS = YES;
				CLANG_WARN_DIRECT_OBJC_ISA_USAGE = YES_ERROR;
				CLANG_WARN_DOCUMENTATION_COMMENTS = YES;
				CLANG_WARN_EMPTY_BODY = YES;
				CLANG_WARN_ENUM_CONVERSION = YES;
				CLANG_WARN_INFINITE_RECURSION = YES;
				CLANG_WARN_INT_CONVERSION = YES;
				CLANG_WARN_NON_LITERAL_NULL_CONVERSION = YES;
				CLANG_WARN_OBJC_IMPLICIT_RETAIN_SELF = YES;
				CLANG_WARN_OBJC_LITERAL_CONVERSION = YES;
				CLANG_WARN_OBJC_ROOT_CLASS = YES_ERROR;
				CLANG_WARN_QUOTED_INCLUDE_IN_FRAMEWORK_HEADER = YES;
				CLANG_WARN_RANGE_LOOP_ANALYSIS = YES;
				CLANG_WARN_STRICT_PROTOTYPES = YES;
				CLANG_WARN_SUSPICIOUS_MOVE = YES;
				CLANG_WARN_UNGUARDED_AVAILABILITY = YES_AGGRESSIVE;
				CLANG_WARN_UNREACHABLE_CODE = YES;
				CLANG_WARN__DUPLICATE_METHOD_MATCH = YES;
				COPY_PHASE_STRIP = NO;
				DEBUG_INFORMATION_FORMAT = dwarf;
				ENABLE_STRICT_OBJC_MSGSEND = YES;
				ENABLE_TESTABILITY = YES;
				GCC_C_LANGUAGE_STANDARD = gnu11;
				GCC_DYNAMIC_NO_PIC = NO;
				GCC_NO_COMMON_BLOCKS = YES;
				GCC_OPTIMIZATION_LEVEL = 0;
				GCC_PREPROCESSOR_DEFINITIONS = (
					"DEBUG=1",
					"$(inherited)",
				);
				GCC_WARN_64_TO_32_BIT_CONVERSION = YES;
				GCC_WARN_ABOUT_RETURN_TYPE = YES_ERROR;
				GCC_WARN_UNDECLARED_SELECTOR = YES;
				GCC_WARN_UNINITIALIZED_AUTOS = YES_AGGRESSIVE;
				GCC_WARN_UNUSED_FUNCTION = YES;
				GCC_WARN_UNUSED_VARIABLE = YES;
				IPHONEOS_DEPLOYMENT_TARGET = 14.4;
				MTL_ENABLE_DEBUG_INFO = INCLUDE_SOURCE;
				MTL_FAST_MATH = YES;
				ONLY_ACTIVE_ARCH = YES;
				SDKROOT = iphoneos;
				SWIFT_ACTIVE_COMPILATION_CONDITIONS = DEBUG;
				SWIFT_OPTIMIZATION_LEVEL = "-Onone";
			};
			name = Debug;
		};
		5BAD4CA8263AD87300315093 /* Release */ = {
			isa = XCBuildConfiguration;
			buildSettings = {
				ALWAYS_SEARCH_USER_PATHS = NO;
				CLANG_ANALYZER_NONNULL = YES;
				CLANG_ANALYZER_NUMBER_OBJECT_CONVERSION = YES_AGGRESSIVE;
				CLANG_CXX_LANGUAGE_STANDARD = "gnu++14";
				CLANG_CXX_LIBRARY = "libc++";
				CLANG_ENABLE_MODULES = YES;
				CLANG_ENABLE_OBJC_ARC = YES;
				CLANG_ENABLE_OBJC_WEAK = YES;
				CLANG_WARN_BLOCK_CAPTURE_AUTORELEASING = YES;
				CLANG_WARN_BOOL_CONVERSION = YES;
				CLANG_WARN_COMMA = YES;
				CLANG_WARN_CONSTANT_CONVERSION = YES;
				CLANG_WARN_DEPRECATED_OBJC_IMPLEMENTATIONS = YES;
				CLANG_WARN_DIRECT_OBJC_ISA_USAGE = YES_ERROR;
				CLANG_WARN_DOCUMENTATION_COMMENTS = YES;
				CLANG_WARN_EMPTY_BODY = YES;
				CLANG_WARN_ENUM_CONVERSION = YES;
				CLANG_WARN_INFINITE_RECURSION = YES;
				CLANG_WARN_INT_CONVERSION = YES;
				CLANG_WARN_NON_LITERAL_NULL_CONVERSION = YES;
				CLANG_WARN_OBJC_IMPLICIT_RETAIN_SELF = YES;
				CLANG_WARN_OBJC_LITERAL_CONVERSION = YES;
				CLANG_WARN_OBJC_ROOT_CLASS = YES_ERROR;
				CLANG_WARN_QUOTED_INCLUDE_IN_FRAMEWORK_HEADER = YES;
				CLANG_WARN_RANGE_LOOP_ANALYSIS = YES;
				CLANG_WARN_STRICT_PROTOTYPES = YES;
				CLANG_WARN_SUSPICIOUS_MOVE = YES;
				CLANG_WARN_UNGUARDED_AVAILABILITY = YES_AGGRESSIVE;
				CLANG_WARN_UNREACHABLE_CODE = YES;
				CLANG_WARN__DUPLICATE_METHOD_MATCH = YES;
				COPY_PHASE_STRIP = NO;
				DEBUG_INFORMATION_FORMAT = "dwarf-with-dsym";
				ENABLE_NS_ASSERTIONS = NO;
				ENABLE_STRICT_OBJC_MSGSEND = YES;
				GCC_C_LANGUAGE_STANDARD = gnu11;
				GCC_NO_COMMON_BLOCKS = YES;
				GCC_WARN_64_TO_32_BIT_CONVERSION = YES;
				GCC_WARN_ABOUT_RETURN_TYPE = YES_ERROR;
				GCC_WARN_UNDECLARED_SELECTOR = YES;
				GCC_WARN_UNINITIALIZED_AUTOS = YES_AGGRESSIVE;
				GCC_WARN_UNUSED_FUNCTION = YES;
				GCC_WARN_UNUSED_VARIABLE = YES;
				IPHONEOS_DEPLOYMENT_TARGET = 14.4;
				MTL_ENABLE_DEBUG_INFO = NO;
				MTL_FAST_MATH = YES;
				SDKROOT = iphoneos;
				SWIFT_COMPILATION_MODE = wholemodule;
				SWIFT_OPTIMIZATION_LEVEL = "-O";
				VALIDATE_PRODUCT = YES;
			};
			name = Release;
		};
		5BAD4CAA263AD87300315093 /* Debug */ = {
			isa = XCBuildConfiguration;
			buildSettings = {
				ASSETCATALOG_COMPILER_APPICON_NAME = AppIcon;
				ASSETCATALOG_COMPILER_GLOBAL_ACCENT_COLOR_NAME = AccentColor;
				CODE_SIGN_STYLE = Automatic;
				INFOPLIST_FILE = GorillaExample/Info.plist;
				LD_RUNPATH_SEARCH_PATHS = (
					"$(inherited)",
					"@executable_path/Frameworks",
				);
				PRODUCT_BUNDLE_IDENTIFIER = com.testGorila.GorillaExample;
				PRODUCT_NAME = "$(TARGET_NAME)";
				SWIFT_VERSION = 5.0;
				TARGETED_DEVICE_FAMILY = "1,2";
			};
			name = Debug;
		};
		5BAD4CAB263AD87300315093 /* Release */ = {
			isa = XCBuildConfiguration;
			buildSettings = {
				ASSETCATALOG_COMPILER_APPICON_NAME = AppIcon;
				ASSETCATALOG_COMPILER_GLOBAL_ACCENT_COLOR_NAME = AccentColor;
				CODE_SIGN_STYLE = Automatic;
				INFOPLIST_FILE = GorillaExample/Info.plist;
				LD_RUNPATH_SEARCH_PATHS = (
					"$(inherited)",
					"@executable_path/Frameworks",
				);
				PRODUCT_BUNDLE_IDENTIFIER = com.testGorila.GorillaExample;
				PRODUCT_NAME = "$(TARGET_NAME)";
				SWIFT_VERSION = 5.0;
				TARGETED_DEVICE_FAMILY = "1,2";
			};
			name = Release;
		};
/* End XCBuildConfiguration section */

/* Begin XCConfigurationList section */
		5BAD4C90263AD87000315093 /* Build configuration list for PBXProject "GorillaExample" */ = {
			isa = XCConfigurationList;
			buildConfigurations = (
				5BAD4CA7263AD87300315093 /* Debug */,
				5BAD4CA8263AD87300315093 /* Release */,
			);
			defaultConfigurationIsVisible = 0;
			defaultConfigurationName = Release;
		};
		5BAD4CA9263AD87300315093 /* Build configuration list for PBXNativeTarget "GorillaExample" */ = {
			isa = XCConfigurationList;
			buildConfigurations = (
				5BAD4CAA263AD87300315093 /* Debug */,
				5BAD4CAB263AD87300315093 /* Release */,
			);
			defaultConfigurationIsVisible = 0;
			defaultConfigurationName = Release;
		};
/* End XCConfigurationList section */
	};
	rootObject = 5BAD4C8D263AD87000315093 /* Project object */;
}
